// !$*UTF8*$!
{
	archiveVersion = 1;
	classes = {
	};
	objectVersion = 51;
	objects = {

/* Begin PBXBuildFile section */
		3D225C853361AA6899020140 /* Pods_CurrenyChecker.framework in Frameworks */ = {isa = PBXBuildFile; fileRef = 621227580798D58B9E989B14 /* Pods_CurrenyChecker.framework */; };
		B70057E422AC564C00692225 /* CurrencyTableViewController.swift in Sources */ = {isa = PBXBuildFile; fileRef = B70057E322AC564C00692225 /* CurrencyTableViewController.swift */; };
		B70057EB22AC698D00692225 /* Currency.swift in Sources */ = {isa = PBXBuildFile; fileRef = B70057EA22AC698D00692225 /* Currency.swift */; };
		B70057EF22ADADCA00692225 /* UISettings.swift in Sources */ = {isa = PBXBuildFile; fileRef = B70057EE22ADADCA00692225 /* UISettings.swift */; };
		B70057F122ADC50200692225 /* NewCurrencyDelegation.swift in Sources */ = {isa = PBXBuildFile; fileRef = B70057F022ADC50200692225 /* NewCurrencyDelegation.swift */; };
		B7B770FA22ABE7E800166478 /* CurrencyTableViewCell.swift in Sources */ = {isa = PBXBuildFile; fileRef = B7B770F922ABE7E800166478 /* CurrencyTableViewCell.swift */; };
		B7D6F63122AF0AB1001CD36A /* PickerViewSettings.swift in Sources */ = {isa = PBXBuildFile; fileRef = B7D6F63022AF0AB1001CD36A /* PickerViewSettings.swift */; };
		B7D6F63522AF0BA5001CD36A /* TableViewSettings.swift in Sources */ = {isa = PBXBuildFile; fileRef = B7D6F63422AF0BA5001CD36A /* TableViewSettings.swift */; };
		B7F1913C22A46C1C002F8022 /* AppDelegate.swift in Sources */ = {isa = PBXBuildFile; fileRef = B7F1913B22A46C1C002F8022 /* AppDelegate.swift */; };
		B7F1914022A46C1C002F8022 /* SettingsViewController.swift in Sources */ = {isa = PBXBuildFile; fileRef = B7F1913F22A46C1C002F8022 /* SettingsViewController.swift */; };
		B7F1914322A46C1C002F8022 /* Main.storyboard in Resources */ = {isa = PBXBuildFile; fileRef = B7F1914122A46C1C002F8022 /* Main.storyboard */; };
		B7F1914522A46C1D002F8022 /* Assets.xcassets in Resources */ = {isa = PBXBuildFile; fileRef = B7F1914422A46C1D002F8022 /* Assets.xcassets */; };
		B7F1914822A46C1D002F8022 /* LaunchScreen.storyboard in Resources */ = {isa = PBXBuildFile; fileRef = B7F1914622A46C1D002F8022 /* LaunchScreen.storyboard */; };
/* End PBXBuildFile section */

/* Begin PBXFileReference section */
		2243A9023536E8DC8D43EF4F /* Pods-CurrenyChecker.debug.xcconfig */ = {isa = PBXFileReference; includeInIndex = 1; lastKnownFileType = text.xcconfig; name = "Pods-CurrenyChecker.debug.xcconfig"; path = "Target Support Files/Pods-CurrenyChecker/Pods-CurrenyChecker.debug.xcconfig"; sourceTree = "<group>"; };
		621227580798D58B9E989B14 /* Pods_CurrenyChecker.framework */ = {isa = PBXFileReference; explicitFileType = wrapper.framework; includeInIndex = 0; path = Pods_CurrenyChecker.framework; sourceTree = BUILT_PRODUCTS_DIR; };
		814B4790A77839C814209F77 /* Pods-CurrenyChecker.release.xcconfig */ = {isa = PBXFileReference; includeInIndex = 1; lastKnownFileType = text.xcconfig; name = "Pods-CurrenyChecker.release.xcconfig"; path = "Target Support Files/Pods-CurrenyChecker/Pods-CurrenyChecker.release.xcconfig"; sourceTree = "<group>"; };
		B70057E322AC564C00692225 /* CurrencyTableViewController.swift */ = {isa = PBXFileReference; lastKnownFileType = sourcecode.swift; path = CurrencyTableViewController.swift; sourceTree = "<group>"; };
		B70057EA22AC698D00692225 /* Currency.swift */ = {isa = PBXFileReference; lastKnownFileType = sourcecode.swift; path = Currency.swift; sourceTree = "<group>"; };
		B70057EE22ADADCA00692225 /* UISettings.swift */ = {isa = PBXFileReference; lastKnownFileType = sourcecode.swift; path = UISettings.swift; sourceTree = "<group>"; };
		B70057F022ADC50200692225 /* NewCurrencyDelegation.swift */ = {isa = PBXFileReference; lastKnownFileType = sourcecode.swift; path = NewCurrencyDelegation.swift; sourceTree = "<group>"; };
		B7B770F922ABE7E800166478 /* CurrencyTableViewCell.swift */ = {isa = PBXFileReference; lastKnownFileType = sourcecode.swift; path = CurrencyTableViewCell.swift; sourceTree = "<group>"; };
		B7D6F63022AF0AB1001CD36A /* PickerViewSettings.swift */ = {isa = PBXFileReference; lastKnownFileType = sourcecode.swift; path = PickerViewSettings.swift; sourceTree = "<group>"; };
		B7D6F63422AF0BA5001CD36A /* TableViewSettings.swift */ = {isa = PBXFileReference; lastKnownFileType = sourcecode.swift; path = TableViewSettings.swift; sourceTree = "<group>"; };
		B7F1913822A46C1C002F8022 /* CurrenyChecker.app */ = {isa = PBXFileReference; explicitFileType = wrapper.application; includeInIndex = 0; path = CurrenyChecker.app; sourceTree = BUILT_PRODUCTS_DIR; };
		B7F1913B22A46C1C002F8022 /* AppDelegate.swift */ = {isa = PBXFileReference; lastKnownFileType = sourcecode.swift; path = AppDelegate.swift; sourceTree = "<group>"; };
		B7F1913F22A46C1C002F8022 /* SettingsViewController.swift */ = {isa = PBXFileReference; lastKnownFileType = sourcecode.swift; path = SettingsViewController.swift; sourceTree = "<group>"; };
		B7F1914222A46C1C002F8022 /* Base */ = {isa = PBXFileReference; lastKnownFileType = file.storyboard; name = Base; path = Base.lproj/Main.storyboard; sourceTree = "<group>"; };
		B7F1914422A46C1D002F8022 /* Assets.xcassets */ = {isa = PBXFileReference; lastKnownFileType = folder.assetcatalog; path = Assets.xcassets; sourceTree = "<group>"; };
		B7F1914722A46C1D002F8022 /* Base */ = {isa = PBXFileReference; lastKnownFileType = file.storyboard; name = Base; path = Base.lproj/LaunchScreen.storyboard; sourceTree = "<group>"; };
		B7F1914922A46C1D002F8022 /* Info.plist */ = {isa = PBXFileReference; lastKnownFileType = text.plist.xml; path = Info.plist; sourceTree = "<group>"; };
/* End PBXFileReference section */

/* Begin PBXFrameworksBuildPhase section */
		B7F1913522A46C1C002F8022 /* Frameworks */ = {
			isa = PBXFrameworksBuildPhase;
			buildActionMask = 2147483647;
			files = (
				3D225C853361AA6899020140 /* Pods_CurrenyChecker.framework in Frameworks */,
			);
			runOnlyForDeploymentPostprocessing = 0;
		};
/* End PBXFrameworksBuildPhase section */

/* Begin PBXGroup section */
		086161E6F34985C8DDB23120 /* Pods */ = {
			isa = PBXGroup;
			children = (
				2243A9023536E8DC8D43EF4F /* Pods-CurrenyChecker.debug.xcconfig */,
				814B4790A77839C814209F77 /* Pods-CurrenyChecker.release.xcconfig */,
			);
			path = Pods;
			sourceTree = "<group>";
		};
		B7D6F63222AF0B1A001CD36A /* SettingsViewController */ = {
			isa = PBXGroup;
			children = (
				B7F1913F22A46C1C002F8022 /* SettingsViewController.swift */,
				B7D6F63022AF0AB1001CD36A /* PickerViewSettings.swift */,
			);
			path = SettingsViewController;
			sourceTree = "<group>";
		};
		B7D6F63322AF0B5B001CD36A /* CurrencyTableViewController */ = {
			isa = PBXGroup;
			children = (
				B70057E322AC564C00692225 /* CurrencyTableViewController.swift */,
				B7D6F63422AF0BA5001CD36A /* TableViewSettings.swift */,
				B7B770F922ABE7E800166478 /* CurrencyTableViewCell.swift */,
			);
			path = CurrencyTableViewController;
			sourceTree = "<group>";
		};
		B7F1912F22A46C1C002F8022 = {
			isa = PBXGroup;
			children = (
				B7F1913A22A46C1C002F8022 /* CurrenyChecker */,
				B7F1913922A46C1C002F8022 /* Products */,
				086161E6F34985C8DDB23120 /* Pods */,
				DF800A18BD08EEDE90CCE3B9 /* Frameworks */,
			);
			sourceTree = "<group>";
		};
		B7F1913922A46C1C002F8022 /* Products */ = {
			isa = PBXGroup;
			children = (
				B7F1913822A46C1C002F8022 /* CurrenyChecker.app */,
			);
			name = Products;
			sourceTree = "<group>";
		};
		B7F1913A22A46C1C002F8022 /* CurrenyChecker */ = {
			isa = PBXGroup;
			children = (
				B7F1913B22A46C1C002F8022 /* AppDelegate.swift */,
				B70057EE22ADADCA00692225 /* UISettings.swift */,
				B7D6F63322AF0B5B001CD36A /* CurrencyTableViewController */,
				B7D6F63222AF0B1A001CD36A /* SettingsViewController */,
				B70057F022ADC50200692225 /* NewCurrencyDelegation.swift */,
				B70057EA22AC698D00692225 /* Currency.swift */,
				B7F1914122A46C1C002F8022 /* Main.storyboard */,
				B7F1914622A46C1D002F8022 /* LaunchScreen.storyboard */,
				B7F1914422A46C1D002F8022 /* Assets.xcassets */,
				B7F1914922A46C1D002F8022 /* Info.plist */,
			);
			path = CurrenyChecker;
			sourceTree = "<group>";
		};
		DF800A18BD08EEDE90CCE3B9 /* Frameworks */ = {
			isa = PBXGroup;
			children = (
				621227580798D58B9E989B14 /* Pods_CurrenyChecker.framework */,
			);
			name = Frameworks;
			sourceTree = "<group>";
		};
/* End PBXGroup section */

/* Begin PBXNativeTarget section */
		B7F1913722A46C1C002F8022 /* CurrenyChecker */ = {
			isa = PBXNativeTarget;
			buildConfigurationList = B7F1914C22A46C1D002F8022 /* Build configuration list for PBXNativeTarget "CurrenyChecker" */;
			buildPhases = (
				4BB5F028F8FBD79CE0A14D7B /* [CP] Check Pods Manifest.lock */,
				B7F1913422A46C1C002F8022 /* Sources */,
				B7F1913522A46C1C002F8022 /* Frameworks */,
				B7F1913622A46C1C002F8022 /* Resources */,
				B9BB427D29A542DB94AFF986 /* [CP] Embed Pods Frameworks */,
			);
			buildRules = (
			);
			dependencies = (
			);
			name = CurrenyChecker;
			productName = CurrenyChecker;
			productReference = B7F1913822A46C1C002F8022 /* CurrenyChecker.app */;
			productType = "com.apple.product-type.application";
		};
/* End PBXNativeTarget section */

/* Begin PBXProject section */
		B7F1913022A46C1C002F8022 /* Project object */ = {
			isa = PBXProject;
			attributes = {
				LastSwiftUpdateCheck = 1020;
				LastUpgradeCheck = 1020;
				ORGANIZATIONNAME = "Filip Skibiński";
				TargetAttributes = {
					B7F1913722A46C1C002F8022 = {
						CreatedOnToolsVersion = 10.2.1;
					};
				};
			};
			buildConfigurationList = B7F1913322A46C1C002F8022 /* Build configuration list for PBXProject "CurrenyChecker" */;
			compatibilityVersion = "Xcode 9.3";
			developmentRegion = en;
			hasScannedForEncodings = 0;
			knownRegions = (
				en,
				Base,
			);
			mainGroup = B7F1912F22A46C1C002F8022;
			productRefGroup = B7F1913922A46C1C002F8022 /* Products */;
			projectDirPath = "";
			projectRoot = "";
			targets = (
				B7F1913722A46C1C002F8022 /* CurrenyChecker */,
			);
		};
/* End PBXProject section */

/* Begin PBXResourcesBuildPhase section */
		B7F1913622A46C1C002F8022 /* Resources */ = {
			isa = PBXResourcesBuildPhase;
			buildActionMask = 2147483647;
			files = (
				B7F1914822A46C1D002F8022 /* LaunchScreen.storyboard in Resources */,
				B7F1914522A46C1D002F8022 /* Assets.xcassets in Resources */,
				B7F1914322A46C1C002F8022 /* Main.storyboard in Resources */,
			);
			runOnlyForDeploymentPostprocessing = 0;
		};
/* End PBXResourcesBuildPhase section */

/* Begin PBXShellScriptBuildPhase section */
		4BB5F028F8FBD79CE0A14D7B /* [CP] Check Pods Manifest.lock */ = {
			isa = PBXShellScriptBuildPhase;
			buildActionMask = 2147483647;
			files = (
			);
			inputFileListPaths = (
			);
			inputPaths = (
				"${PODS_PODFILE_DIR_PATH}/Podfile.lock",
				"${PODS_ROOT}/Manifest.lock",
			);
			name = "[CP] Check Pods Manifest.lock";
			outputFileListPaths = (
			);
			outputPaths = (
				"$(DERIVED_FILE_DIR)/Pods-CurrenyChecker-checkManifestLockResult.txt",
			);
			runOnlyForDeploymentPostprocessing = 0;
			shellPath = /bin/sh;
			shellScript = "diff \"${PODS_PODFILE_DIR_PATH}/Podfile.lock\" \"${PODS_ROOT}/Manifest.lock\" > /dev/null\nif [ $? != 0 ] ; then\n    # print error to STDERR\n    echo \"error: The sandbox is not in sync with the Podfile.lock. Run 'pod install' or update your CocoaPods installation.\" >&2\n    exit 1\nfi\n# This output is used by Xcode 'outputs' to avoid re-running this script phase.\necho \"SUCCESS\" > \"${SCRIPT_OUTPUT_FILE_0}\"\n";
			showEnvVarsInLog = 0;
		};
		B9BB427D29A542DB94AFF986 /* [CP] Embed Pods Frameworks */ = {
			isa = PBXShellScriptBuildPhase;
			buildActionMask = 2147483647;
			files = (
			);
			inputFileListPaths = (
				"${PODS_ROOT}/Target Support Files/Pods-CurrenyChecker/Pods-CurrenyChecker-frameworks-${CONFIGURATION}-input-files.xcfilelist",
			);
			name = "[CP] Embed Pods Frameworks";
			outputFileListPaths = (
				"${PODS_ROOT}/Target Support Files/Pods-CurrenyChecker/Pods-CurrenyChecker-frameworks-${CONFIGURATION}-output-files.xcfilelist",
			);
			runOnlyForDeploymentPostprocessing = 0;
			shellPath = /bin/sh;
			shellScript = "\"${PODS_ROOT}/Target Support Files/Pods-CurrenyChecker/Pods-CurrenyChecker-frameworks.sh\"\n";
			showEnvVarsInLog = 0;
		};
/* End PBXShellScriptBuildPhase section */

/* Begin PBXSourcesBuildPhase section */
		B7F1913422A46C1C002F8022 /* Sources */ = {
			isa = PBXSourcesBuildPhase;
			buildActionMask = 2147483647;
			files = (
				B7B770FA22ABE7E800166478 /* CurrencyTableViewCell.swift in Sources */,
				B70057F122ADC50200692225 /* NewCurrencyDelegation.swift in Sources */,
				B70057EB22AC698D00692225 /* Currency.swift in Sources */,
				B70057EF22ADADCA00692225 /* UISettings.swift in Sources */,
				B7F1914022A46C1C002F8022 /* SettingsViewController.swift in Sources */,
				B7D6F63122AF0AB1001CD36A /* PickerViewSettings.swift in Sources */,
				B7D6F63522AF0BA5001CD36A /* TableViewSettings.swift in Sources */,
				B7F1913C22A46C1C002F8022 /* AppDelegate.swift in Sources */,
				B70057E422AC564C00692225 /* CurrencyTableViewController.swift in Sources */,
			);
			runOnlyForDeploymentPostprocessing = 0;
		};
/* End PBXSourcesBuildPhase section */

/* Begin PBXVariantGroup section */
		B7F1914122A46C1C002F8022 /* Main.storyboard */ = {
			isa = PBXVariantGroup;
			children = (
				B7F1914222A46C1C002F8022 /* Base */,
			);
			name = Main.storyboard;
			sourceTree = "<group>";
		};
		B7F1914622A46C1D002F8022 /* LaunchScreen.storyboard */ = {
			isa = PBXVariantGroup;
			children = (
				B7F1914722A46C1D002F8022 /* Base */,
			);
			name = LaunchScreen.storyboard;
			sourceTree = "<group>";
		};
/* End PBXVariantGroup section */

/* Begin XCBuildConfiguration section */
		B7F1914A22A46C1D002F8022 /* Debug */ = {
			isa = XCBuildConfiguration;
			buildSettings = {
				ALWAYS_SEARCH_USER_PATHS = NO;
				CLANG_ANALYZER_NONNULL = YES;
				CLANG_ANALYZER_NUMBER_OBJECT_CONVERSION = YES_AGGRESSIVE;
				CLANG_CXX_LANGUAGE_STANDARD = "gnu++14";
				CLANG_CXX_LIBRARY = "libc++";
				CLANG_ENABLE_MODULES = YES;
				CLANG_ENABLE_OBJC_ARC = YES;
				CLANG_ENABLE_OBJC_WEAK = YES;
				CLANG_WARN_BLOCK_CAPTURE_AUTORELEASING = YES;
				CLANG_WARN_BOOL_CONVERSION = YES;
				CLANG_WARN_COMMA = YES;
				CLANG_WARN_CONSTANT_CONVERSION = YES;
				CLANG_WARN_DEPRECATED_OBJC_IMPLEMENTATIONS = YES;
				CLANG_WARN_DIRECT_OBJC_ISA_USAGE = YES_ERROR;
				CLANG_WARN_DOCUMENTATION_COMMENTS = YES;
				CLANG_WARN_EMPTY_BODY = YES;
				CLANG_WARN_ENUM_CONVERSION = YES;
				CLANG_WARN_INFINITE_RECURSION = YES;
				CLANG_WARN_INT_CONVERSION = YES;
				CLANG_WARN_NON_LITERAL_NULL_CONVERSION = YES;
				CLANG_WARN_OBJC_IMPLICIT_RETAIN_SELF = YES;
				CLANG_WARN_OBJC_LITERAL_CONVERSION = YES;
				CLANG_WARN_OBJC_ROOT_CLASS = YES_ERROR;
				CLANG_WARN_RANGE_LOOP_ANALYSIS = YES;
				CLANG_WARN_STRICT_PROTOTYPES = YES;
				CLANG_WARN_SUSPICIOUS_MOVE = YES;
				CLANG_WARN_UNGUARDED_AVAILABILITY = YES_AGGRESSIVE;
				CLANG_WARN_UNREACHABLE_CODE = YES;
				CLANG_WARN__DUPLICATE_METHOD_MATCH = YES;
				CODE_SIGN_IDENTITY = "iPhone Developer";
				COPY_PHASE_STRIP = NO;
				DEBUG_INFORMATION_FORMAT = dwarf;
				ENABLE_STRICT_OBJC_MSGSEND = YES;
				ENABLE_TESTABILITY = YES;
				GCC_C_LANGUAGE_STANDARD = gnu11;
				GCC_DYNAMIC_NO_PIC = NO;
				GCC_NO_COMMON_BLOCKS = YES;
				GCC_OPTIMIZATION_LEVEL = 0;
				GCC_PREPROCESSOR_DEFINITIONS = (
					"DEBUG=1",
					"$(inherited)",
				);
				GCC_WARN_64_TO_32_BIT_CONVERSION = YES;
				GCC_WARN_ABOUT_RETURN_TYPE = YES_ERROR;
				GCC_WARN_UNDECLARED_SELECTOR = YES;
				GCC_WARN_UNINITIALIZED_AUTOS = YES_AGGRESSIVE;
				GCC_WARN_UNUSED_FUNCTION = YES;
				GCC_WARN_UNUSED_VARIABLE = YES;
				IPHONEOS_DEPLOYMENT_TARGET = 12.2;
				MTL_ENABLE_DEBUG_INFO = INCLUDE_SOURCE;
				MTL_FAST_MATH = YES;
				ONLY_ACTIVE_ARCH = YES;
				SDKROOT = iphoneos;
				SWIFT_ACTIVE_COMPILATION_CONDITIONS = DEBUG;
				SWIFT_OPTIMIZATION_LEVEL = "-Onone";
			};
			name = Debug;
		};
		B7F1914B22A46C1D002F8022 /* Release */ = {
			isa = XCBuildConfiguration;
			buildSettings = {
				ALWAYS_SEARCH_USER_PATHS = NO;
				CLANG_ANALYZER_NONNULL = YES;
				CLANG_ANALYZER_NUMBER_OBJECT_CONVERSION = YES_AGGRESSIVE;
				CLANG_CXX_LANGUAGE_STANDARD = "gnu++14";
				CLANG_CXX_LIBRARY = "libc++";
				CLANG_ENABLE_MODULES = YES;
				CLANG_ENABLE_OBJC_ARC = YES;
				CLANG_ENABLE_OBJC_WEAK = YES;
				CLANG_WARN_BLOCK_CAPTURE_AUTORELEASING = YES;
				CLANG_WARN_BOOL_CONVERSION = YES;
				CLANG_WARN_COMMA = YES;
				CLANG_WARN_CONSTANT_CONVERSION = YES;
				CLANG_WARN_DEPRECATED_OBJC_IMPLEMENTATIONS = YES;
				CLANG_WARN_DIRECT_OBJC_ISA_USAGE = YES_ERROR;
				CLANG_WARN_DOCUMENTATION_COMMENTS = YES;
				CLANG_WARN_EMPTY_BODY = YES;
				CLANG_WARN_ENUM_CONVERSION = YES;
				CLANG_WARN_INFINITE_RECURSION = YES;
				CLANG_WARN_INT_CONVERSION = YES;
				CLANG_WARN_NON_LITERAL_NULL_CONVERSION = YES;
				CLANG_WARN_OBJC_IMPLICIT_RETAIN_SELF = YES;
				CLANG_WARN_OBJC_LITERAL_CONVERSION = YES;
				CLANG_WARN_OBJC_ROOT_CLASS = YES_ERROR;
				CLANG_WARN_RANGE_LOOP_ANALYSIS = YES;
				CLANG_WARN_STRICT_PROTOTYPES = YES;
				CLANG_WARN_SUSPICIOUS_MOVE = YES;
				CLANG_WARN_UNGUARDED_AVAILABILITY = YES_AGGRESSIVE;
				CLANG_WARN_UNREACHABLE_CODE = YES;
				CLANG_WARN__DUPLICATE_METHOD_MATCH = YES;
				CODE_SIGN_IDENTITY = "iPhone Developer";
				COPY_PHASE_STRIP = NO;
				DEBUG_INFORMATION_FORMAT = "dwarf-with-dsym";
				ENABLE_NS_ASSERTIONS = NO;
				ENABLE_STRICT_OBJC_MSGSEND = YES;
				GCC_C_LANGUAGE_STANDARD = gnu11;
				GCC_NO_COMMON_BLOCKS = YES;
				GCC_WARN_64_TO_32_BIT_CONVERSION = YES;
				GCC_WARN_ABOUT_RETURN_TYPE = YES_ERROR;
				GCC_WARN_UNDECLARED_SELECTOR = YES;
				GCC_WARN_UNINITIALIZED_AUTOS = YES_AGGRESSIVE;
				GCC_WARN_UNUSED_FUNCTION = YES;
				GCC_WARN_UNUSED_VARIABLE = YES;
				IPHONEOS_DEPLOYMENT_TARGET = 12.2;
				MTL_ENABLE_DEBUG_INFO = NO;
				MTL_FAST_MATH = YES;
				SDKROOT = iphoneos;
				SWIFT_COMPILATION_MODE = wholemodule;
				SWIFT_OPTIMIZATION_LEVEL = "-O";
				VALIDATE_PRODUCT = YES;
			};
			name = Release;
		};
		B7F1914D22A46C1D002F8022 /* Debug */ = {
			isa = XCBuildConfiguration;
			baseConfigurationReference = 2243A9023536E8DC8D43EF4F /* Pods-CurrenyChecker.debug.xcconfig */;
			buildSettings = {
				ASSETCATALOG_COMPILER_APPICON_NAME = AppIcon;
				CODE_SIGN_STYLE = Automatic;
				DEVELOPMENT_TEAM = 6JFWPWP732;
				INFOPLIST_FILE = CurrenyChecker/Info.plist;
				LD_RUNPATH_SEARCH_PATHS = (
					"$(inherited)",
					"@executable_path/Frameworks",
				);
				PRODUCT_BUNDLE_IDENTIFIER = com.FilipWSki.CurrenyChecker;
				PRODUCT_NAME = "$(TARGET_NAME)";
				SWIFT_VERSION = 5.0;
				TARGETED_DEVICE_FAMILY = 1;
			};
			name = Debug;
		};
		B7F1914E22A46C1D002F8022 /* Release */ = {
			isa = XCBuildConfiguration;
			baseConfigurationReference = 814B4790A77839C814209F77 /* Pods-CurrenyChecker.release.xcconfig */;
			buildSettings = {
				ASSETCATALOG_COMPILER_APPICON_NAME = AppIcon;
				CODE_SIGN_STYLE = Automatic;
				DEVELOPMENT_TEAM = 6JFWPWP732;
				INFOPLIST_FILE = CurrenyChecker/Info.plist;
				LD_RUNPATH_SEARCH_PATHS = (
					"$(inherited)",
					"@executable_path/Frameworks",
				);
				PRODUCT_BUNDLE_IDENTIFIER = com.FilipWSki.CurrenyChecker;
				PRODUCT_NAME = "$(TARGET_NAME)";
				SWIFT_VERSION = 5.0;
				TARGETED_DEVICE_FAMILY = 1;
			};
			name = Release;
		};
/* End XCBuildConfiguration section */

/* Begin XCConfigurationList section */
		B7F1913322A46C1C002F8022 /* Build configuration list for PBXProject "CurrenyChecker" */ = {
			isa = XCConfigurationList;
			buildConfigurations = (
				B7F1914A22A46C1D002F8022 /* Debug */,
				B7F1914B22A46C1D002F8022 /* Release */,
			);
			defaultConfigurationIsVisible = 0;
			defaultConfigurationName = Release;
		};
		B7F1914C22A46C1D002F8022 /* Build configuration list for PBXNativeTarget "CurrenyChecker" */ = {
			isa = XCConfigurationList;
			buildConfigurations = (
				B7F1914D22A46C1D002F8022 /* Debug */,
				B7F1914E22A46C1D002F8022 /* Release */,
			);
			defaultConfigurationIsVisible = 0;
			defaultConfigurationName = Release;
		};
/* End XCConfigurationList section */
	};
	rootObject = B7F1913022A46C1C002F8022 /* Project object */;
}
